// !$*UTF8*$!
{
	archiveVersion = 1;
	classes = {
	};
	objectVersion = 50;
	objects = {

/* Begin PBXBuildFile section */
		160591FC211C489900781C54 /* DesignableView.swift in Sources */ = {isa = PBXBuildFile; fileRef = 160591FB211C489900781C54 /* DesignableView.swift */; };
		160591FF211C502300781C54 /* SearchCategoryViewController.swift in Sources */ = {isa = PBXBuildFile; fileRef = 160591FE211C502300781C54 /* SearchCategoryViewController.swift */; };
		16059202211C51A200781C54 /* SearchCollectionViewCell.swift in Sources */ = {isa = PBXBuildFile; fileRef = 16059201211C51A200781C54 /* SearchCollectionViewCell.swift */; };
		16059206211C590000781C54 /* searchTableViewCell.swift in Sources */ = {isa = PBXBuildFile; fileRef = 16059204211C590000781C54 /* searchTableViewCell.swift */; };
		16059207211C590000781C54 /* searchTableViewCell.xib in Resources */ = {isa = PBXBuildFile; fileRef = 16059205211C590000781C54 /* searchTableViewCell.xib */; };
		1605920A211C5C2F00781C54 /* mainSearchTableViewCell.swift in Sources */ = {isa = PBXBuildFile; fileRef = 16059208211C5C2F00781C54 /* mainSearchTableViewCell.swift */; };
		1605920B211C5C2F00781C54 /* mainSearchTableViewCell.xib in Resources */ = {isa = PBXBuildFile; fileRef = 16059209211C5C2F00781C54 /* mainSearchTableViewCell.xib */; };
		1605920D211C5F9600781C54 /* SubCategories.swift in Sources */ = {isa = PBXBuildFile; fileRef = 1605920C211C5F9600781C54 /* SubCategories.swift */; };
		1605920F211D6B7600781C54 /* SubCategoryViewController.swift in Sources */ = {isa = PBXBuildFile; fileRef = 1605920E211D6B7600781C54 /* SubCategoryViewController.swift */; };
		16059217211D72D500781C54 /* SubCategoryBannerTableViewCell.swift in Sources */ = {isa = PBXBuildFile; fileRef = 16059215211D72D500781C54 /* SubCategoryBannerTableViewCell.swift */; };
		16059218211D72D500781C54 /* SubCategoryBannerTableViewCell.xib in Resources */ = {isa = PBXBuildFile; fileRef = 16059216211D72D500781C54 /* SubCategoryBannerTableViewCell.xib */; };
		1605921B211D731100781C54 /* SubCategoryTableViewCell.swift in Sources */ = {isa = PBXBuildFile; fileRef = 16059219211D731100781C54 /* SubCategoryTableViewCell.swift */; };
		1605921C211D731100781C54 /* SubCategoryTableViewCell.xib in Resources */ = {isa = PBXBuildFile; fileRef = 1605921A211D731100781C54 /* SubCategoryTableViewCell.xib */; };
		1605921E211DAA0500781C54 /* Font.swift in Sources */ = {isa = PBXBuildFile; fileRef = 1605921D211DAA0500781C54 /* Font.swift */; };
		160CD0D5211998460079FB3E /* TransitionArabic.swift in Sources */ = {isa = PBXBuildFile; fileRef = 160CD0D4211998460079FB3E /* TransitionArabic.swift */; };
		160CD0D72119AA170079FB3E /* ApisCallingClass.swift in Sources */ = {isa = PBXBuildFile; fileRef = 160CD0D62119AA170079FB3E /* ApisCallingClass.swift */; };
		160CD0D9211B04040079FB3E /* ActivityIndicator.swift in Sources */ = {isa = PBXBuildFile; fileRef = 160CD0D8211B04040079FB3E /* ActivityIndicator.swift */; };
		160CD0DB211B08CD0079FB3E /* AdditionalURLs.swift in Sources */ = {isa = PBXBuildFile; fileRef = 160CD0DA211B08CD0079FB3E /* AdditionalURLs.swift */; };
		160CD0DD211B149B0079FB3E /* UrlExtention.swift in Sources */ = {isa = PBXBuildFile; fileRef = 160CD0DC211B149B0079FB3E /* UrlExtention.swift */; };
		160CD0EB211C14CC0079FB3E /* MianCategoryCollectionViewCell.swift in Sources */ = {isa = PBXBuildFile; fileRef = 160CD0EA211C14CC0079FB3E /* MianCategoryCollectionViewCell.swift */; };
		1637E7CC21218C5100DE82D2 /* AccountViewController.swift in Sources */ = {isa = PBXBuildFile; fileRef = 1637E7CB21218C5100DE82D2 /* AccountViewController.swift */; };
		1637E7CE21218CD200DE82D2 /* SettingViewController.swift in Sources */ = {isa = PBXBuildFile; fileRef = 1637E7CD21218CD200DE82D2 /* SettingViewController.swift */; };
		1637E7D22121906500DE82D2 /* LnaguageTableViewCell.swift in Sources */ = {isa = PBXBuildFile; fileRef = 1637E7D02121906500DE82D2 /* LnaguageTableViewCell.swift */; };
		1637E7D32121906500DE82D2 /* LnaguageTableViewCell.xib in Resources */ = {isa = PBXBuildFile; fileRef = 1637E7D12121906500DE82D2 /* LnaguageTableViewCell.xib */; };
		1637E7D62121908200DE82D2 /* CurrencyTableViewCell.swift in Sources */ = {isa = PBXBuildFile; fileRef = 1637E7D42121908200DE82D2 /* CurrencyTableViewCell.swift */; };
		1637E7D72121908200DE82D2 /* CurrencyTableViewCell.xib in Resources */ = {isa = PBXBuildFile; fileRef = 1637E7D52121908200DE82D2 /* CurrencyTableViewCell.xib */; };
		1637E7DA2121909E00DE82D2 /* SizeTableViewCell.swift in Sources */ = {isa = PBXBuildFile; fileRef = 1637E7D82121909E00DE82D2 /* SizeTableViewCell.swift */; };
		1637E7DB2121909E00DE82D2 /* SizeTableViewCell.xib in Resources */ = {isa = PBXBuildFile; fileRef = 1637E7D92121909E00DE82D2 /* SizeTableViewCell.xib */; };
		1637E7DE212190AE00DE82D2 /* NotificationTableViewCell.swift in Sources */ = {isa = PBXBuildFile; fileRef = 1637E7DC212190AE00DE82D2 /* NotificationTableViewCell.swift */; };
		1637E7DF212190AE00DE82D2 /* NotificationTableViewCell.xib in Resources */ = {isa = PBXBuildFile; fileRef = 1637E7DD212190AE00DE82D2 /* NotificationTableViewCell.xib */; };
		1637E7E62121A61500DE82D2 /* LanguageViewController.swift in Sources */ = {isa = PBXBuildFile; fileRef = 1637E7E52121A61500DE82D2 /* LanguageViewController.swift */; };
		1637E7E92121B41A00DE82D2 /* EmailTableViewCell.swift in Sources */ = {isa = PBXBuildFile; fileRef = 1637E7E72121B41A00DE82D2 /* EmailTableViewCell.swift */; };
		1637E7EA2121B41A00DE82D2 /* EmailTableViewCell.xib in Resources */ = {isa = PBXBuildFile; fileRef = 1637E7E82121B41A00DE82D2 /* EmailTableViewCell.xib */; };
		1637E7ED2121B43200DE82D2 /* PasswordTableViewCell.swift in Sources */ = {isa = PBXBuildFile; fileRef = 1637E7EB2121B43200DE82D2 /* PasswordTableViewCell.swift */; };
		1637E7EE2121B43200DE82D2 /* PasswordTableViewCell.xib in Resources */ = {isa = PBXBuildFile; fileRef = 1637E7EC2121B43200DE82D2 /* PasswordTableViewCell.xib */; };
		165271F42121CC5700E2BDA3 /* Main.storyboard in Resources */ = {isa = PBXBuildFile; fileRef = 165271F32121CC5700E2BDA3 /* Main.storyboard */; };
		1655AEA62118C0600019DF5C /* bottom.swift in Sources */ = {isa = PBXBuildFile; fileRef = 1655AEA52118C0600019DF5C /* bottom.swift */; };
		1692269A2105B1BC00A351B8 /* AppDelegate.swift in Sources */ = {isa = PBXBuildFile; fileRef = 169226992105B1BC00A351B8 /* AppDelegate.swift */; };
		1692269C2105B1BC00A351B8 /* LaunchViewController.swift in Sources */ = {isa = PBXBuildFile; fileRef = 1692269B2105B1BC00A351B8 /* LaunchViewController.swift */; };
		169226A22105B1BC00A351B8 /* Shy7lo.xcdatamodeld in Sources */ = {isa = PBXBuildFile; fileRef = 169226A02105B1BC00A351B8 /* Shy7lo.xcdatamodeld */; };
		169226A42105B1BE00A351B8 /* Assets.xcassets in Resources */ = {isa = PBXBuildFile; fileRef = 169226A32105B1BE00A351B8 /* Assets.xcassets */; };
		169226A72105B1BE00A351B8 /* LaunchScreen.storyboard in Resources */ = {isa = PBXBuildFile; fileRef = 169226A52105B1BE00A351B8 /* LaunchScreen.storyboard */; };
		169226BA2105B35A00A351B8 /* ConfigURLs.swift in Sources */ = {isa = PBXBuildFile; fileRef = 169226B52105B35A00A351B8 /* ConfigURLs.swift */; };
		169226BC2105B35A00A351B8 /* GetToken.swift in Sources */ = {isa = PBXBuildFile; fileRef = 169226B72105B35A00A351B8 /* GetToken.swift */; };
		169226BD2105B35A00A351B8 /* ApiManager.swift in Sources */ = {isa = PBXBuildFile; fileRef = 169226B82105B35A00A351B8 /* ApiManager.swift */; };
		169226BE2105B35A00A351B8 /* UserInfoDefault.swift in Sources */ = {isa = PBXBuildFile; fileRef = 169226B92105B35A00A351B8 /* UserInfoDefault.swift */; };
		169226CF2105B39200A351B8 /* UserInfo.swift in Sources */ = {isa = PBXBuildFile; fileRef = 169226C52105B39200A351B8 /* UserInfo.swift */; };
		169226E22105B3E000A351B8 /* buttonRadius.swift in Sources */ = {isa = PBXBuildFile; fileRef = 169226D42105B3E000A351B8 /* buttonRadius.swift */; };
		169226E32105B3E000A351B8 /* designTextField.swift in Sources */ = {isa = PBXBuildFile; fileRef = 169226D52105B3E000A351B8 /* designTextField.swift */; };
		169226E42105B3E000A351B8 /* DesignView.swift in Sources */ = {isa = PBXBuildFile; fileRef = 169226D62105B3E000A351B8 /* DesignView.swift */; };
		169226E52105B3E000A351B8 /* DesignTabBarHeight.swift in Sources */ = {isa = PBXBuildFile; fileRef = 169226D72105B3E000A351B8 /* DesignTabBarHeight.swift */; };
		169226E62105B3E000A351B8 /* ScaledHeightImageView.swift in Sources */ = {isa = PBXBuildFile; fileRef = 169226D82105B3E000A351B8 /* ScaledHeightImageView.swift */; };
		169226E72105B3E000A351B8 /* designLabel.swift in Sources */ = {isa = PBXBuildFile; fileRef = 169226D92105B3E000A351B8 /* designLabel.swift */; };
		169226E82105B3E000A351B8 /* Time.swift in Sources */ = {isa = PBXBuildFile; fileRef = 169226DB2105B3E000A351B8 /* Time.swift */; };
		169226E92105B3E000A351B8 /* Status Bar.swift in Sources */ = {isa = PBXBuildFile; fileRef = 169226DC2105B3E000A351B8 /* Status Bar.swift */; };
		169226EA2105B3E000A351B8 /* Circle Image View.swift in Sources */ = {isa = PBXBuildFile; fileRef = 169226DD2105B3E000A351B8 /* Circle Image View.swift */; };
		169226EB2105B3E000A351B8 /* SwiftyGif.swift in Sources */ = {isa = PBXBuildFile; fileRef = 169226DE2105B3E000A351B8 /* SwiftyGif.swift */; };
		169226EC2105B3E000A351B8 /* imageAnimation.swift in Sources */ = {isa = PBXBuildFile; fileRef = 169226DF2105B3E000A351B8 /* imageAnimation.swift */; };
		169226EE2105B3E000A351B8 /* Toast.swift in Sources */ = {isa = PBXBuildFile; fileRef = 169226E12105B3E000A351B8 /* Toast.swift */; };
		169226F12105B3E700A351B8 /* Notification.swift in Sources */ = {isa = PBXBuildFile; fileRef = 169226F02105B3E700A351B8 /* Notification.swift */; };
		169226F72109A8D000A351B8 /* WelcomeViewController.swift in Sources */ = {isa = PBXBuildFile; fileRef = 169226F62109A8D000A351B8 /* WelcomeViewController.swift */; };
		169226F92109D9AA00A351B8 /* CountryViewController.swift in Sources */ = {isa = PBXBuildFile; fileRef = 169226F82109D9AA00A351B8 /* CountryViewController.swift */; };
		169226FD2109F8E300A351B8 /* CategoriesViewController.swift in Sources */ = {isa = PBXBuildFile; fileRef = 169226FC2109F8E300A351B8 /* CategoriesViewController.swift */; };
		169226FF210A152800A351B8 /* AccountSignInOrJoinViewController.swift in Sources */ = {isa = PBXBuildFile; fileRef = 169226FE210A152800A351B8 /* AccountSignInOrJoinViewController.swift */; };
		16922701210AF51300A351B8 /* LableSpacing.swift in Sources */ = {isa = PBXBuildFile; fileRef = 16922700210AF51300A351B8 /* LableSpacing.swift */; };
		16AF0EB121186D4E00B51117 /* Localizable.strings in Resources */ = {isa = PBXBuildFile; fileRef = 16AF0EB321186D4E00B51117 /* Localizable.strings */; };
		16AF0EB62118729500B51117 /* LocalizableString.swift in Sources */ = {isa = PBXBuildFile; fileRef = 16AF0EB52118729500B51117 /* LocalizableString.swift */; };
		16AF0EB8211880C700B51117 /* DesignableButton.swift in Sources */ = {isa = PBXBuildFile; fileRef = 16AF0EB7211880C700B51117 /* DesignableButton.swift */; };
		16C60B6B210B1E4000871F4E /* AccountCongratulationViewController.swift in Sources */ = {isa = PBXBuildFile; fileRef = 16C60B6A210B1E4000871F4E /* AccountCongratulationViewController.swift */; };
		16C60B6E210B4D9300871F4E /* SignInViewController.swift in Sources */ = {isa = PBXBuildFile; fileRef = 16C60B6D210B4D9300871F4E /* SignInViewController.swift */; };
		16C6CCAF211172AA00EC5CE6 /* LandingViewController.swift in Sources */ = {isa = PBXBuildFile; fileRef = 16C6CCAE211172AA00EC5CE6 /* LandingViewController.swift */; };
		16F74E2821143BD000AB8E40 /* GoogleService-Info.plist in Resources */ = {isa = PBXBuildFile; fileRef = 16F74E2721143BD000AB8E40 /* GoogleService-Info.plist */; };
		16F74E2A21146DBE00AB8E40 /* MainCategoryViewController.swift in Sources */ = {isa = PBXBuildFile; fileRef = 16F74E2921146DBE00AB8E40 /* MainCategoryViewController.swift */; };
		D3948CD6093B66713CA52BD4 /* Pods_Shy7lo.framework in Frameworks */ = {isa = PBXBuildFile; fileRef = EA60AAAD7007C519D03F25F1 /* Pods_Shy7lo.framework */; };
/* End PBXBuildFile section */

/* Begin PBXFileReference section */
		160591FB211C489900781C54 /* DesignableView.swift */ = {isa = PBXFileReference; lastKnownFileType = sourcecode.swift; path = DesignableView.swift; sourceTree = "<group>"; };
		160591FE211C502300781C54 /* SearchCategoryViewController.swift */ = {isa = PBXFileReference; lastKnownFileType = sourcecode.swift; path = SearchCategoryViewController.swift; sourceTree = "<group>"; };
		16059201211C51A200781C54 /* SearchCollectionViewCell.swift */ = {isa = PBXFileReference; lastKnownFileType = sourcecode.swift; path = SearchCollectionViewCell.swift; sourceTree = "<group>"; };
		16059204211C590000781C54 /* searchTableViewCell.swift */ = {isa = PBXFileReference; lastKnownFileType = sourcecode.swift; path = searchTableViewCell.swift; sourceTree = "<group>"; };
		16059205211C590000781C54 /* searchTableViewCell.xib */ = {isa = PBXFileReference; lastKnownFileType = file.xib; path = searchTableViewCell.xib; sourceTree = "<group>"; };
		16059208211C5C2F00781C54 /* mainSearchTableViewCell.swift */ = {isa = PBXFileReference; lastKnownFileType = sourcecode.swift; path = mainSearchTableViewCell.swift; sourceTree = "<group>"; };
		16059209211C5C2F00781C54 /* mainSearchTableViewCell.xib */ = {isa = PBXFileReference; lastKnownFileType = file.xib; path = mainSearchTableViewCell.xib; sourceTree = "<group>"; };
		1605920C211C5F9600781C54 /* SubCategories.swift */ = {isa = PBXFileReference; lastKnownFileType = sourcecode.swift; path = SubCategories.swift; sourceTree = "<group>"; };
		1605920E211D6B7600781C54 /* SubCategoryViewController.swift */ = {isa = PBXFileReference; lastKnownFileType = sourcecode.swift; path = SubCategoryViewController.swift; sourceTree = "<group>"; };
		16059215211D72D500781C54 /* SubCategoryBannerTableViewCell.swift */ = {isa = PBXFileReference; lastKnownFileType = sourcecode.swift; path = SubCategoryBannerTableViewCell.swift; sourceTree = "<group>"; };
		16059216211D72D500781C54 /* SubCategoryBannerTableViewCell.xib */ = {isa = PBXFileReference; lastKnownFileType = file.xib; path = SubCategoryBannerTableViewCell.xib; sourceTree = "<group>"; };
		16059219211D731100781C54 /* SubCategoryTableViewCell.swift */ = {isa = PBXFileReference; lastKnownFileType = sourcecode.swift; path = SubCategoryTableViewCell.swift; sourceTree = "<group>"; };
		1605921A211D731100781C54 /* SubCategoryTableViewCell.xib */ = {isa = PBXFileReference; lastKnownFileType = file.xib; path = SubCategoryTableViewCell.xib; sourceTree = "<group>"; };
		1605921D211DAA0500781C54 /* Font.swift */ = {isa = PBXFileReference; lastKnownFileType = sourcecode.swift; path = Font.swift; sourceTree = "<group>"; };
		160CD0D4211998460079FB3E /* TransitionArabic.swift */ = {isa = PBXFileReference; lastKnownFileType = sourcecode.swift; path = TransitionArabic.swift; sourceTree = "<group>"; };
		160CD0D62119AA170079FB3E /* ApisCallingClass.swift */ = {isa = PBXFileReference; lastKnownFileType = sourcecode.swift; path = ApisCallingClass.swift; sourceTree = "<group>"; };
		160CD0D8211B04040079FB3E /* ActivityIndicator.swift */ = {isa = PBXFileReference; lastKnownFileType = sourcecode.swift; path = ActivityIndicator.swift; sourceTree = "<group>"; };
		160CD0DA211B08CD0079FB3E /* AdditionalURLs.swift */ = {isa = PBXFileReference; lastKnownFileType = sourcecode.swift; path = AdditionalURLs.swift; sourceTree = "<group>"; };
		160CD0DC211B149B0079FB3E /* UrlExtention.swift */ = {isa = PBXFileReference; lastKnownFileType = sourcecode.swift; path = UrlExtention.swift; sourceTree = "<group>"; };
		160CD0EA211C14CC0079FB3E /* MianCategoryCollectionViewCell.swift */ = {isa = PBXFileReference; lastKnownFileType = sourcecode.swift; path = MianCategoryCollectionViewCell.swift; sourceTree = "<group>"; };
		1637E7CB21218C5100DE82D2 /* AccountViewController.swift */ = {isa = PBXFileReference; lastKnownFileType = sourcecode.swift; path = AccountViewController.swift; sourceTree = "<group>"; };
		1637E7CD21218CD200DE82D2 /* SettingViewController.swift */ = {isa = PBXFileReference; lastKnownFileType = sourcecode.swift; path = SettingViewController.swift; sourceTree = "<group>"; };
		1637E7D02121906500DE82D2 /* LnaguageTableViewCell.swift */ = {isa = PBXFileReference; lastKnownFileType = sourcecode.swift; path = LnaguageTableViewCell.swift; sourceTree = "<group>"; };
		1637E7D12121906500DE82D2 /* LnaguageTableViewCell.xib */ = {isa = PBXFileReference; lastKnownFileType = file.xib; path = LnaguageTableViewCell.xib; sourceTree = "<group>"; };
		1637E7D42121908200DE82D2 /* CurrencyTableViewCell.swift */ = {isa = PBXFileReference; lastKnownFileType = sourcecode.swift; path = CurrencyTableViewCell.swift; sourceTree = "<group>"; };
		1637E7D52121908200DE82D2 /* CurrencyTableViewCell.xib */ = {isa = PBXFileReference; lastKnownFileType = file.xib; path = CurrencyTableViewCell.xib; sourceTree = "<group>"; };
		1637E7D82121909E00DE82D2 /* SizeTableViewCell.swift */ = {isa = PBXFileReference; lastKnownFileType = sourcecode.swift; path = SizeTableViewCell.swift; sourceTree = "<group>"; };
		1637E7D92121909E00DE82D2 /* SizeTableViewCell.xib */ = {isa = PBXFileReference; lastKnownFileType = file.xib; path = SizeTableViewCell.xib; sourceTree = "<group>"; };
		1637E7DC212190AE00DE82D2 /* NotificationTableViewCell.swift */ = {isa = PBXFileReference; lastKnownFileType = sourcecode.swift; path = NotificationTableViewCell.swift; sourceTree = "<group>"; };
		1637E7DD212190AE00DE82D2 /* NotificationTableViewCell.xib */ = {isa = PBXFileReference; lastKnownFileType = file.xib; path = NotificationTableViewCell.xib; sourceTree = "<group>"; };
		1637E7E52121A61500DE82D2 /* LanguageViewController.swift */ = {isa = PBXFileReference; lastKnownFileType = sourcecode.swift; path = LanguageViewController.swift; sourceTree = "<group>"; };
		1637E7E72121B41A00DE82D2 /* EmailTableViewCell.swift */ = {isa = PBXFileReference; lastKnownFileType = sourcecode.swift; path = EmailTableViewCell.swift; sourceTree = "<group>"; };
		1637E7E82121B41A00DE82D2 /* EmailTableViewCell.xib */ = {isa = PBXFileReference; lastKnownFileType = file.xib; path = EmailTableViewCell.xib; sourceTree = "<group>"; };
		1637E7EB2121B43200DE82D2 /* PasswordTableViewCell.swift */ = {isa = PBXFileReference; lastKnownFileType = sourcecode.swift; path = PasswordTableViewCell.swift; sourceTree = "<group>"; };
		1637E7EC2121B43200DE82D2 /* PasswordTableViewCell.xib */ = {isa = PBXFileReference; lastKnownFileType = file.xib; path = PasswordTableViewCell.xib; sourceTree = "<group>"; };
		165271EE2121CB6300E2BDA3 /* SF-Pro-Display-Semibold.otf */ = {isa = PBXFileReference; lastKnownFileType = file; path = "SF-Pro-Display-Semibold.otf"; sourceTree = "<group>"; };
		165271EF2121CB6300E2BDA3 /* SF-Pro-Display-Medium.otf */ = {isa = PBXFileReference; lastKnownFileType = file; path = "SF-Pro-Display-Medium.otf"; sourceTree = "<group>"; };
		165271F02121CB6400E2BDA3 /* SF-Pro-Display-Bold.otf */ = {isa = PBXFileReference; lastKnownFileType = file; path = "SF-Pro-Display-Bold.otf"; sourceTree = "<group>"; };
		165271F12121CB6400E2BDA3 /* SF-Pro-Display-Regular.otf */ = {isa = PBXFileReference; lastKnownFileType = file; path = "SF-Pro-Display-Regular.otf"; sourceTree = "<group>"; };
		165271F22121CB6400E2BDA3 /* Tahoma Bold.ttf */ = {isa = PBXFileReference; lastKnownFileType = file; path = "Tahoma Bold.ttf"; sourceTree = "<group>"; };
		165271F32121CC5700E2BDA3 /* Main.storyboard */ = {isa = PBXFileReference; fileEncoding = 4; lastKnownFileType = file.storyboard; path = Main.storyboard; sourceTree = "<group>"; };
		1655AEA52118C0600019DF5C /* bottom.swift */ = {isa = PBXFileReference; lastKnownFileType = sourcecode.swift; path = bottom.swift; sourceTree = "<group>"; };
		169226962105B1BC00A351B8 /* Shy7lo.app */ = {isa = PBXFileReference; explicitFileType = wrapper.application; includeInIndex = 0; path = Shy7lo.app; sourceTree = BUILT_PRODUCTS_DIR; };
		169226992105B1BC00A351B8 /* AppDelegate.swift */ = {isa = PBXFileReference; lastKnownFileType = sourcecode.swift; path = AppDelegate.swift; sourceTree = "<group>"; };
		1692269B2105B1BC00A351B8 /* LaunchViewController.swift */ = {isa = PBXFileReference; lastKnownFileType = sourcecode.swift; path = LaunchViewController.swift; sourceTree = "<group>"; };
		169226A12105B1BC00A351B8 /* Shy7lo.xcdatamodel */ = {isa = PBXFileReference; lastKnownFileType = wrapper.xcdatamodel; path = Shy7lo.xcdatamodel; sourceTree = "<group>"; };
		169226A32105B1BE00A351B8 /* Assets.xcassets */ = {isa = PBXFileReference; lastKnownFileType = folder.assetcatalog; path = Assets.xcassets; sourceTree = "<group>"; };
		169226A62105B1BE00A351B8 /* Base */ = {isa = PBXFileReference; lastKnownFileType = file.storyboard; name = Base; path = Base.lproj/LaunchScreen.storyboard; sourceTree = "<group>"; };
		169226A82105B1BE00A351B8 /* Info.plist */ = {isa = PBXFileReference; lastKnownFileType = text.plist.xml; path = Info.plist; sourceTree = "<group>"; };
		169226B52105B35A00A351B8 /* ConfigURLs.swift */ = {isa = PBXFileReference; fileEncoding = 4; lastKnownFileType = sourcecode.swift; path = ConfigURLs.swift; sourceTree = "<group>"; };
		169226B72105B35A00A351B8 /* GetToken.swift */ = {isa = PBXFileReference; fileEncoding = 4; lastKnownFileType = sourcecode.swift; path = GetToken.swift; sourceTree = "<group>"; };
		169226B82105B35A00A351B8 /* ApiManager.swift */ = {isa = PBXFileReference; fileEncoding = 4; lastKnownFileType = sourcecode.swift; path = ApiManager.swift; sourceTree = "<group>"; };
		169226B92105B35A00A351B8 /* UserInfoDefault.swift */ = {isa = PBXFileReference; fileEncoding = 4; lastKnownFileType = sourcecode.swift; path = UserInfoDefault.swift; sourceTree = "<group>"; };
		169226C52105B39200A351B8 /* UserInfo.swift */ = {isa = PBXFileReference; fileEncoding = 4; lastKnownFileType = sourcecode.swift; path = UserInfo.swift; sourceTree = "<group>"; };
		169226D42105B3E000A351B8 /* buttonRadius.swift */ = {isa = PBXFileReference; fileEncoding = 4; lastKnownFileType = sourcecode.swift; path = buttonRadius.swift; sourceTree = "<group>"; };
		169226D52105B3E000A351B8 /* designTextField.swift */ = {isa = PBXFileReference; fileEncoding = 4; lastKnownFileType = sourcecode.swift; path = designTextField.swift; sourceTree = "<group>"; };
		169226D62105B3E000A351B8 /* DesignView.swift */ = {isa = PBXFileReference; fileEncoding = 4; lastKnownFileType = sourcecode.swift; path = DesignView.swift; sourceTree = "<group>"; };
		169226D72105B3E000A351B8 /* DesignTabBarHeight.swift */ = {isa = PBXFileReference; fileEncoding = 4; lastKnownFileType = sourcecode.swift; path = DesignTabBarHeight.swift; sourceTree = "<group>"; };
		169226D82105B3E000A351B8 /* ScaledHeightImageView.swift */ = {isa = PBXFileReference; fileEncoding = 4; lastKnownFileType = sourcecode.swift; path = ScaledHeightImageView.swift; sourceTree = "<group>"; };
		169226D92105B3E000A351B8 /* designLabel.swift */ = {isa = PBXFileReference; fileEncoding = 4; lastKnownFileType = sourcecode.swift; path = designLabel.swift; sourceTree = "<group>"; };
		169226DB2105B3E000A351B8 /* Time.swift */ = {isa = PBXFileReference; fileEncoding = 4; lastKnownFileType = sourcecode.swift; path = Time.swift; sourceTree = "<group>"; };
		169226DC2105B3E000A351B8 /* Status Bar.swift */ = {isa = PBXFileReference; fileEncoding = 4; lastKnownFileType = sourcecode.swift; path = "Status Bar.swift"; sourceTree = "<group>"; };
		169226DD2105B3E000A351B8 /* Circle Image View.swift */ = {isa = PBXFileReference; fileEncoding = 4; lastKnownFileType = sourcecode.swift; path = "Circle Image View.swift"; sourceTree = "<group>"; };
		169226DE2105B3E000A351B8 /* SwiftyGif.swift */ = {isa = PBXFileReference; fileEncoding = 4; lastKnownFileType = sourcecode.swift; path = SwiftyGif.swift; sourceTree = "<group>"; };
		169226DF2105B3E000A351B8 /* imageAnimation.swift */ = {isa = PBXFileReference; fileEncoding = 4; lastKnownFileType = sourcecode.swift; path = imageAnimation.swift; sourceTree = "<group>"; };
		169226E12105B3E000A351B8 /* Toast.swift */ = {isa = PBXFileReference; fileEncoding = 4; lastKnownFileType = sourcecode.swift; path = Toast.swift; sourceTree = "<group>"; };
		169226F02105B3E700A351B8 /* Notification.swift */ = {isa = PBXFileReference; fileEncoding = 4; lastKnownFileType = sourcecode.swift; path = Notification.swift; sourceTree = "<group>"; };
		169226F62109A8D000A351B8 /* WelcomeViewController.swift */ = {isa = PBXFileReference; lastKnownFileType = sourcecode.swift; path = WelcomeViewController.swift; sourceTree = "<group>"; };
		169226F82109D9AA00A351B8 /* CountryViewController.swift */ = {isa = PBXFileReference; lastKnownFileType = sourcecode.swift; path = CountryViewController.swift; sourceTree = "<group>"; };
		169226FC2109F8E300A351B8 /* CategoriesViewController.swift */ = {isa = PBXFileReference; lastKnownFileType = sourcecode.swift; path = CategoriesViewController.swift; sourceTree = "<group>"; };
		169226FE210A152800A351B8 /* AccountSignInOrJoinViewController.swift */ = {isa = PBXFileReference; lastKnownFileType = sourcecode.swift; path = AccountSignInOrJoinViewController.swift; sourceTree = "<group>"; };
		16922700210AF51300A351B8 /* LableSpacing.swift */ = {isa = PBXFileReference; lastKnownFileType = sourcecode.swift; path = LableSpacing.swift; sourceTree = "<group>"; };
		16AF0EAA21186BEA00B51117 /* ar-SA */ = {isa = PBXFileReference; lastKnownFileType = text.plist.strings; name = "ar-SA"; path = "ar-SA.lproj/LaunchScreen.strings"; sourceTree = "<group>"; };
		16AF0EAE21186CD500B51117 /* en */ = {isa = PBXFileReference; lastKnownFileType = text.plist.strings; name = en; path = en.lproj/LaunchScreen.strings; sourceTree = "<group>"; };
		16AF0EB221186D4E00B51117 /* en */ = {isa = PBXFileReference; lastKnownFileType = text.plist.strings; name = en; path = en.lproj/Localizable.strings; sourceTree = "<group>"; };
		16AF0EB421186D5300B51117 /* ar-SA */ = {isa = PBXFileReference; lastKnownFileType = text.plist.strings; name = "ar-SA"; path = "ar-SA.lproj/Localizable.strings"; sourceTree = "<group>"; };
		16AF0EB52118729500B51117 /* LocalizableString.swift */ = {isa = PBXFileReference; lastKnownFileType = sourcecode.swift; path = LocalizableString.swift; sourceTree = "<group>"; };
		16AF0EB7211880C700B51117 /* DesignableButton.swift */ = {isa = PBXFileReference; fileEncoding = 4; lastKnownFileType = sourcecode.swift; path = DesignableButton.swift; sourceTree = "<group>"; };
		16C60B6A210B1E4000871F4E /* AccountCongratulationViewController.swift */ = {isa = PBXFileReference; lastKnownFileType = sourcecode.swift; path = AccountCongratulationViewController.swift; sourceTree = "<group>"; };
		16C60B6D210B4D9300871F4E /* SignInViewController.swift */ = {isa = PBXFileReference; lastKnownFileType = sourcecode.swift; path = SignInViewController.swift; sourceTree = "<group>"; };
		16C6CCAE211172AA00EC5CE6 /* LandingViewController.swift */ = {isa = PBXFileReference; lastKnownFileType = sourcecode.swift; path = LandingViewController.swift; sourceTree = "<group>"; };
		16F74E1E211406FB00AB8E40 /* Shy7lo.entitlements */ = {isa = PBXFileReference; lastKnownFileType = text.plist.entitlements; path = Shy7lo.entitlements; sourceTree = "<group>"; };
		16F74E2721143BD000AB8E40 /* GoogleService-Info.plist */ = {isa = PBXFileReference; fileEncoding = 4; lastKnownFileType = text.plist.xml; path = "GoogleService-Info.plist"; sourceTree = "<group>"; };
		16F74E2921146DBE00AB8E40 /* MainCategoryViewController.swift */ = {isa = PBXFileReference; lastKnownFileType = sourcecode.swift; path = MainCategoryViewController.swift; sourceTree = "<group>"; };
		8F5C6A2CB31C89CFDEA33164 /* Pods-Shy7lo.debug.xcconfig */ = {isa = PBXFileReference; includeInIndex = 1; lastKnownFileType = text.xcconfig; name = "Pods-Shy7lo.debug.xcconfig"; path = "Pods/Target Support Files/Pods-Shy7lo/Pods-Shy7lo.debug.xcconfig"; sourceTree = "<group>"; };
		BB7AB86AD953D12222F1BBDE /* Pods-Shy7lo.release.xcconfig */ = {isa = PBXFileReference; includeInIndex = 1; lastKnownFileType = text.xcconfig; name = "Pods-Shy7lo.release.xcconfig"; path = "Pods/Target Support Files/Pods-Shy7lo/Pods-Shy7lo.release.xcconfig"; sourceTree = "<group>"; };
		EA60AAAD7007C519D03F25F1 /* Pods_Shy7lo.framework */ = {isa = PBXFileReference; explicitFileType = wrapper.framework; includeInIndex = 0; path = Pods_Shy7lo.framework; sourceTree = BUILT_PRODUCTS_DIR; };
/* End PBXFileReference section */

/* Begin PBXFrameworksBuildPhase section */
		169226932105B1BC00A351B8 /* Frameworks */ = {
			isa = PBXFrameworksBuildPhase;
			buildActionMask = 2147483647;
			files = (
				D3948CD6093B66713CA52BD4 /* Pods_Shy7lo.framework in Frameworks */,
			);
			runOnlyForDeploymentPostprocessing = 0;
		};
/* End PBXFrameworksBuildPhase section */

/* Begin PBXGroup section */
		160591FD211C4FD000781C54 /* Category Controllers */ = {
			isa = PBXGroup;
			children = (
				160591FE211C502300781C54 /* SearchCategoryViewController.swift */,
				1605920E211D6B7600781C54 /* SubCategoryViewController.swift */,
				16059200211C517300781C54 /* Search CategoryTab */,
			);
			path = "Category Controllers";
			sourceTree = "<group>";
		};
		16059200211C517300781C54 /* Search CategoryTab */ = {
			isa = PBXGroup;
			children = (
				16059201211C51A200781C54 /* SearchCollectionViewCell.swift */,
			);
			path = "Search CategoryTab";
			sourceTree = "<group>";
		};
		16059203211C58CE00781C54 /* Category XIB */ = {
			isa = PBXGroup;
			children = (
				16059204211C590000781C54 /* searchTableViewCell.swift */,
				16059205211C590000781C54 /* searchTableViewCell.xib */,
				16059208211C5C2F00781C54 /* mainSearchTableViewCell.swift */,
				16059209211C5C2F00781C54 /* mainSearchTableViewCell.xib */,
			);
			path = "Category XIB";
			sourceTree = "<group>";
		};
		16059210211D726A00781C54 /* Sub Category XIB */ = {
			isa = PBXGroup;
			children = (
				16059215211D72D500781C54 /* SubCategoryBannerTableViewCell.swift */,
				16059216211D72D500781C54 /* SubCategoryBannerTableViewCell.xib */,
				16059219211D731100781C54 /* SubCategoryTableViewCell.swift */,
				1605921A211D731100781C54 /* SubCategoryTableViewCell.xib */,
			);
			path = "Sub Category XIB";
			sourceTree = "<group>";
		};
		1605921F21216E2F00781C54 /* Images */ = {
			isa = PBXGroup;
			children = (
			);
			path = Images;
			sourceTree = "<group>";
		};
		160CD0DE211BF6540079FB3E /* Welcome+Launch Controllers */ = {
			isa = PBXGroup;
			children = (
				1692269B2105B1BC00A351B8 /* LaunchViewController.swift */,
				169226F62109A8D000A351B8 /* WelcomeViewController.swift */,
				169226F82109D9AA00A351B8 /* CountryViewController.swift */,
				169226FC2109F8E300A351B8 /* CategoriesViewController.swift */,
			);
			path = "Welcome+Launch Controllers";
			sourceTree = "<group>";
		};
		160CD0DF211BF6A60079FB3E /* Landing + Main Controllers */ = {
			isa = PBXGroup;
			children = (
				16C6CCAE211172AA00EC5CE6 /* LandingViewController.swift */,
				16F74E2921146DBE00AB8E40 /* MainCategoryViewController.swift */,
				160CD0E7211C13D80079FB3E /* Main Category Tab */,
			);
			path = "Landing + Main Controllers";
			sourceTree = "<group>";
		};
		160CD0E7211C13D80079FB3E /* Main Category Tab */ = {
			isa = PBXGroup;
			children = (
				160CD0EA211C14CC0079FB3E /* MianCategoryCollectionViewCell.swift */,
			);
			path = "Main Category Tab";
			sourceTree = "<group>";
		};
		1637E7CF2121900C00DE82D2 /* Setting XIB */ = {
			isa = PBXGroup;
			children = (
				1637E7D02121906500DE82D2 /* LnaguageTableViewCell.swift */,
				1637E7D12121906500DE82D2 /* LnaguageTableViewCell.xib */,
				1637E7D42121908200DE82D2 /* CurrencyTableViewCell.swift */,
				1637E7D52121908200DE82D2 /* CurrencyTableViewCell.xib */,
				1637E7D82121909E00DE82D2 /* SizeTableViewCell.swift */,
				1637E7D92121909E00DE82D2 /* SizeTableViewCell.xib */,
				1637E7DC212190AE00DE82D2 /* NotificationTableViewCell.swift */,
				1637E7DD212190AE00DE82D2 /* NotificationTableViewCell.xib */,
				1637E7E72121B41A00DE82D2 /* EmailTableViewCell.swift */,
				1637E7E82121B41A00DE82D2 /* EmailTableViewCell.xib */,
				1637E7EB2121B43200DE82D2 /* PasswordTableViewCell.swift */,
				1637E7EC2121B43200DE82D2 /* PasswordTableViewCell.xib */,
			);
			path = "Setting XIB";
			sourceTree = "<group>";
		};
		1692268D2105B1BC00A351B8 = {
			isa = PBXGroup;
			children = (
				169226982105B1BC00A351B8 /* Shy7lo */,
				169226972105B1BC00A351B8 /* Products */,
				1EEA5217FBFEB121417CC364 /* Pods */,
				18E63831861243D6098FACE6 /* Frameworks */,
			);
			sourceTree = "<group>";
		};
		169226972105B1BC00A351B8 /* Products */ = {
			isa = PBXGroup;
			children = (
				169226962105B1BC00A351B8 /* Shy7lo.app */,
			);
			name = Products;
			sourceTree = "<group>";
		};
		169226982105B1BC00A351B8 /* Shy7lo */ = {
			isa = PBXGroup;
			children = (
				1605921F21216E2F00781C54 /* Images */,
				16AF0EA0211838DB00B51117 /* fonts */,
				16F74E1E211406FB00AB8E40 /* Shy7lo.entitlements */,
				169226F321073EB000A351B8 /* Supporting Project Files */,
				169226F221073E6700A351B8 /* MVC-S */,
				169226AE2105B25C00A351B8 /* Main File */,
				169226A82105B1BE00A351B8 /* Info.plist */,
				16F74E2721143BD000AB8E40 /* GoogleService-Info.plist */,
				169226A02105B1BC00A351B8 /* Shy7lo.xcdatamodeld */,
			);
			path = Shy7lo;
			sourceTree = "<group>";
		};
		169226AE2105B25C00A351B8 /* Main File */ = {
			isa = PBXGroup;
			children = (
				169226992105B1BC00A351B8 /* AppDelegate.swift */,
				169226A32105B1BE00A351B8 /* Assets.xcassets */,
				169226A52105B1BE00A351B8 /* LaunchScreen.storyboard */,
				16AF0EB321186D4E00B51117 /* Localizable.strings */,
			);
			path = "Main File";
			sourceTree = "<group>";
		};
		169226B02105B2BA00A351B8 /* Models */ = {
			isa = PBXGroup;
			children = (
				169226C52105B39200A351B8 /* UserInfo.swift */,
				1605920C211C5F9600781C54 /* SubCategories.swift */,
			);
			path = Models;
			sourceTree = "<group>";
		};
		169226B12105B2DA00A351B8 /* Controllers */ = {
			isa = PBXGroup;
			children = (
				160591FD211C4FD000781C54 /* Category Controllers */,
				160CD0DF211BF6A60079FB3E /* Landing + Main Controllers */,
				160CD0DE211BF6540079FB3E /* Welcome+Launch Controllers */,
				16C60B6C210B1E4600871F4E /* User Account Controllers */,
			);
			path = Controllers;
			sourceTree = "<group>";
		};
		169226B22105B2F100A351B8 /* API's */ = {
			isa = PBXGroup;
			children = (
				169226B82105B35A00A351B8 /* ApiManager.swift */,
				169226B52105B35A00A351B8 /* ConfigURLs.swift */,
				160CD0D62119AA170079FB3E /* ApisCallingClass.swift */,
				160CD0DA211B08CD0079FB3E /* AdditionalURLs.swift */,
			);
			path = "API's";
			sourceTree = "<group>";
		};
		169226D32105B3E000A351B8 /* Designable */ = {
			isa = PBXGroup;
			children = (
				169226D42105B3E000A351B8 /* buttonRadius.swift */,
				16AF0EB7211880C700B51117 /* DesignableButton.swift */,
				169226D52105B3E000A351B8 /* designTextField.swift */,
				169226D62105B3E000A351B8 /* DesignView.swift */,
				169226D72105B3E000A351B8 /* DesignTabBarHeight.swift */,
				169226D82105B3E000A351B8 /* ScaledHeightImageView.swift */,
				169226D92105B3E000A351B8 /* designLabel.swift */,
				160591FB211C489900781C54 /* DesignableView.swift */,
			);
			path = Designable;
			sourceTree = "<group>";
		};
		169226DA2105B3E000A351B8 /* Extentions */ = {
			isa = PBXGroup;
			children = (
				169226DB2105B3E000A351B8 /* Time.swift */,
				169226DC2105B3E000A351B8 /* Status Bar.swift */,
				169226DD2105B3E000A351B8 /* Circle Image View.swift */,
				169226DE2105B3E000A351B8 /* SwiftyGif.swift */,
				169226DF2105B3E000A351B8 /* imageAnimation.swift */,
				169226E12105B3E000A351B8 /* Toast.swift */,
				16922700210AF51300A351B8 /* LableSpacing.swift */,
				16AF0EB52118729500B51117 /* LocalizableString.swift */,
				1655AEA52118C0600019DF5C /* bottom.swift */,
				160CD0D8211B04040079FB3E /* ActivityIndicator.swift */,
				160CD0DC211B149B0079FB3E /* UrlExtention.swift */,
				1605921D211DAA0500781C54 /* Font.swift */,
			);
			path = Extentions;
			sourceTree = "<group>";
		};
		169226EF2105B3E700A351B8 /* Functions */ = {
			isa = PBXGroup;
			children = (
				169226F02105B3E700A351B8 /* Notification.swift */,
				160CD0D4211998460079FB3E /* TransitionArabic.swift */,
			);
			path = Functions;
			sourceTree = "<group>";
		};
		169226F221073E6700A351B8 /* MVC-S */ = {
			isa = PBXGroup;
			children = (
				169226B02105B2BA00A351B8 /* Models */,
				169226F421073FC100A351B8 /* View */,
				169226B12105B2DA00A351B8 /* Controllers */,
				169226B22105B2F100A351B8 /* API's */,
			);
			path = "MVC-S";
			sourceTree = "<group>";
		};
		169226F321073EB000A351B8 /* Supporting Project Files */ = {
			isa = PBXGroup;
			children = (
				169226F521075B2300A351B8 /* UserDefaults */,
				169226EF2105B3E700A351B8 /* Functions */,
				169226D32105B3E000A351B8 /* Designable */,
				169226DA2105B3E000A351B8 /* Extentions */,
			);
			path = "Supporting Project Files";
			sourceTree = "<group>";
		};
		169226F421073FC100A351B8 /* View */ = {
			isa = PBXGroup;
			children = (
				165271F32121CC5700E2BDA3 /* Main.storyboard */,
				16059210211D726A00781C54 /* Sub Category XIB */,
				16059203211C58CE00781C54 /* Category XIB */,
				1637E7CF2121900C00DE82D2 /* Setting XIB */,
			);
			path = View;
			sourceTree = "<group>";
		};
		169226F521075B2300A351B8 /* UserDefaults */ = {
			isa = PBXGroup;
			children = (
				169226B72105B35A00A351B8 /* GetToken.swift */,
				169226B92105B35A00A351B8 /* UserInfoDefault.swift */,
			);
			path = UserDefaults;
			sourceTree = "<group>";
		};
		16AF0EA0211838DB00B51117 /* fonts */ = {
			isa = PBXGroup;
			children = (
				165271F02121CB6400E2BDA3 /* SF-Pro-Display-Bold.otf */,
				165271EF2121CB6300E2BDA3 /* SF-Pro-Display-Medium.otf */,
				165271F12121CB6400E2BDA3 /* SF-Pro-Display-Regular.otf */,
				165271EE2121CB6300E2BDA3 /* SF-Pro-Display-Semibold.otf */,
				165271F22121CB6400E2BDA3 /* Tahoma Bold.ttf */,
			);
			path = fonts;
			sourceTree = "<group>";
		};
		16C60B6C210B1E4600871F4E /* User Account Controllers */ = {
			isa = PBXGroup;
			children = (
				169226FE210A152800A351B8 /* AccountSignInOrJoinViewController.swift */,
				16C60B6A210B1E4000871F4E /* AccountCongratulationViewController.swift */,
				16C60B6D210B4D9300871F4E /* SignInViewController.swift */,
				1637E7CB21218C5100DE82D2 /* AccountViewController.swift */,
				1637E7CD21218CD200DE82D2 /* SettingViewController.swift */,
				1637E7E52121A61500DE82D2 /* LanguageViewController.swift */,
			);
			path = "User Account Controllers";
			sourceTree = "<group>";
		};
		18E63831861243D6098FACE6 /* Frameworks */ = {
			isa = PBXGroup;
			children = (
				EA60AAAD7007C519D03F25F1 /* Pods_Shy7lo.framework */,
			);
			name = Frameworks;
			sourceTree = "<group>";
		};
		1EEA5217FBFEB121417CC364 /* Pods */ = {
			isa = PBXGroup;
			children = (
				8F5C6A2CB31C89CFDEA33164 /* Pods-Shy7lo.debug.xcconfig */,
				BB7AB86AD953D12222F1BBDE /* Pods-Shy7lo.release.xcconfig */,
			);
			name = Pods;
			sourceTree = "<group>";
		};
/* End PBXGroup section */

/* Begin PBXNativeTarget section */
		169226952105B1BC00A351B8 /* Shy7lo */ = {
			isa = PBXNativeTarget;
			buildConfigurationList = 169226AB2105B1BE00A351B8 /* Build configuration list for PBXNativeTarget "Shy7lo" */;
			buildPhases = (
				D94A5104B055D3B509C982F2 /* [CP] Check Pods Manifest.lock */,
				169226922105B1BC00A351B8 /* Sources */,
				169226932105B1BC00A351B8 /* Frameworks */,
				169226942105B1BC00A351B8 /* Resources */,
				C3AD2108E62264312E03AB07 /* [CP] Embed Pods Frameworks */,
			);
			buildRules = (
			);
			dependencies = (
			);
			name = Shy7lo;
			productName = Shy7lo;
			productReference = 169226962105B1BC00A351B8 /* Shy7lo.app */;
			productType = "com.apple.product-type.application";
		};
/* End PBXNativeTarget section */

/* Begin PBXProject section */
		1692268E2105B1BC00A351B8 /* Project object */ = {
			isa = PBXProject;
			attributes = {
				LastSwiftUpdateCheck = 0940;
				LastUpgradeCheck = 0940;
				ORGANIZATIONNAME = "Sajjad Yousaf";
				TargetAttributes = {
					169226952105B1BC00A351B8 = {
						CreatedOnToolsVersion = 9.4.1;
						SystemCapabilities = {
							com.apple.Push = {
								enabled = 1;
							};
							com.apple.SafariKeychain = {
								enabled = 1;
							};
						};
					};
				};
			};
			buildConfigurationList = 169226912105B1BC00A351B8 /* Build configuration list for PBXProject "Shy7lo" */;
			compatibilityVersion = "Xcode 9.3";
			developmentRegion = en;
			hasScannedForEncodings = 0;
			knownRegions = (
				en,
				Base,
				"ar-SA",
			);
			mainGroup = 1692268D2105B1BC00A351B8;
			productRefGroup = 169226972105B1BC00A351B8 /* Products */;
			projectDirPath = "";
			projectRoot = "";
			targets = (
				169226952105B1BC00A351B8 /* Shy7lo */,
			);
		};
/* End PBXProject section */

/* Begin PBXResourcesBuildPhase section */
		169226942105B1BC00A351B8 /* Resources */ = {
			isa = PBXResourcesBuildPhase;
			buildActionMask = 2147483647;
			files = (
				1605920B211C5C2F00781C54 /* mainSearchTableViewCell.xib in Resources */,
				1637E7D32121906500DE82D2 /* LnaguageTableViewCell.xib in Resources */,
				169226A72105B1BE00A351B8 /* LaunchScreen.storyboard in Resources */,
				1637E7DB2121909E00DE82D2 /* SizeTableViewCell.xib in Resources */,
				169226A42105B1BE00A351B8 /* Assets.xcassets in Resources */,
				16059218211D72D500781C54 /* SubCategoryBannerTableViewCell.xib in Resources */,
				1637E7EE2121B43200DE82D2 /* PasswordTableViewCell.xib in Resources */,
				1605921C211D731100781C54 /* SubCategoryTableViewCell.xib in Resources */,
				16AF0EB121186D4E00B51117 /* Localizable.strings in Resources */,
				1637E7EA2121B41A00DE82D2 /* EmailTableViewCell.xib in Resources */,
				16F74E2821143BD000AB8E40 /* GoogleService-Info.plist in Resources */,
				1637E7D72121908200DE82D2 /* CurrencyTableViewCell.xib in Resources */,
				16059207211C590000781C54 /* searchTableViewCell.xib in Resources */,
				165271F42121CC5700E2BDA3 /* Main.storyboard in Resources */,
				1637E7DF212190AE00DE82D2 /* NotificationTableViewCell.xib in Resources */,
			);
			runOnlyForDeploymentPostprocessing = 0;
		};
/* End PBXResourcesBuildPhase section */

/* Begin PBXShellScriptBuildPhase section */
		C3AD2108E62264312E03AB07 /* [CP] Embed Pods Frameworks */ = {
			isa = PBXShellScriptBuildPhase;
			buildActionMask = 2147483647;
			files = (
			);
			inputPaths = (
				"${SRCROOT}/Pods/Target Support Files/Pods-Shy7lo/Pods-Shy7lo-frameworks.sh",
				"${BUILT_PRODUCTS_DIR}/Alamofire/Alamofire.framework",
				"${BUILT_PRODUCTS_DIR}/AlamofireImage/AlamofireImage.framework",
				"${BUILT_PRODUCTS_DIR}/GTMSessionFetcher/GTMSessionFetcher.framework",
				"${BUILT_PRODUCTS_DIR}/GoogleToolboxForMac/GoogleToolboxForMac.framework",
				"${BUILT_PRODUCTS_DIR}/Kingfisher/Kingfisher.framework",
				"${BUILT_PRODUCTS_DIR}/SwiftyJSON/SwiftyJSON.framework",
				"${BUILT_PRODUCTS_DIR}/nanopb/nanopb.framework",
			);
			name = "[CP] Embed Pods Frameworks";
			outputPaths = (
				"${TARGET_BUILD_DIR}/${FRAMEWORKS_FOLDER_PATH}/Alamofire.framework",
				"${TARGET_BUILD_DIR}/${FRAMEWORKS_FOLDER_PATH}/AlamofireImage.framework",
				"${TARGET_BUILD_DIR}/${FRAMEWORKS_FOLDER_PATH}/GTMSessionFetcher.framework",
				"${TARGET_BUILD_DIR}/${FRAMEWORKS_FOLDER_PATH}/GoogleToolboxForMac.framework",
				"${TARGET_BUILD_DIR}/${FRAMEWORKS_FOLDER_PATH}/Kingfisher.framework",
				"${TARGET_BUILD_DIR}/${FRAMEWORKS_FOLDER_PATH}/SwiftyJSON.framework",
				"${TARGET_BUILD_DIR}/${FRAMEWORKS_FOLDER_PATH}/nanopb.framework",
			);
			runOnlyForDeploymentPostprocessing = 0;
			shellPath = /bin/sh;
			shellScript = "\"${SRCROOT}/Pods/Target Support Files/Pods-Shy7lo/Pods-Shy7lo-frameworks.sh\"\n";
			showEnvVarsInLog = 0;
		};
		D94A5104B055D3B509C982F2 /* [CP] Check Pods Manifest.lock */ = {
			isa = PBXShellScriptBuildPhase;
			buildActionMask = 2147483647;
			files = (
			);
			inputPaths = (
				"${PODS_PODFILE_DIR_PATH}/Podfile.lock",
				"${PODS_ROOT}/Manifest.lock",
			);
			name = "[CP] Check Pods Manifest.lock";
			outputPaths = (
				"$(DERIVED_FILE_DIR)/Pods-Shy7lo-checkManifestLockResult.txt",
			);
			runOnlyForDeploymentPostprocessing = 0;
			shellPath = /bin/sh;
			shellScript = "diff \"${PODS_PODFILE_DIR_PATH}/Podfile.lock\" \"${PODS_ROOT}/Manifest.lock\" > /dev/null\nif [ $? != 0 ] ; then\n    # print error to STDERR\n    echo \"error: The sandbox is not in sync with the Podfile.lock. Run 'pod install' or update your CocoaPods installation.\" >&2\n    exit 1\nfi\n# This output is used by Xcode 'outputs' to avoid re-running this script phase.\necho \"SUCCESS\" > \"${SCRIPT_OUTPUT_FILE_0}\"\n";
			showEnvVarsInLog = 0;
		};
/* End PBXShellScriptBuildPhase section */

/* Begin PBXSourcesBuildPhase section */
		169226922105B1BC00A351B8 /* Sources */ = {
			isa = PBXSourcesBuildPhase;
			buildActionMask = 2147483647;
			files = (
				160CD0D9211B04040079FB3E /* ActivityIndicator.swift in Sources */,
				160CD0EB211C14CC0079FB3E /* MianCategoryCollectionViewCell.swift in Sources */,
				1605920A211C5C2F00781C54 /* mainSearchTableViewCell.swift in Sources */,
				16C6CCAF211172AA00EC5CE6 /* LandingViewController.swift in Sources */,
				169226E92105B3E000A351B8 /* Status Bar.swift in Sources */,
				1637E7CE21218CD200DE82D2 /* SettingViewController.swift in Sources */,
				169226BE2105B35A00A351B8 /* UserInfoDefault.swift in Sources */,
				169226A22105B1BC00A351B8 /* Shy7lo.xcdatamodeld in Sources */,
				1655AEA62118C0600019DF5C /* bottom.swift in Sources */,
				1637E7D22121906500DE82D2 /* LnaguageTableViewCell.swift in Sources */,
				16C60B6B210B1E4000871F4E /* AccountCongratulationViewController.swift in Sources */,
				160591FC211C489900781C54 /* DesignableView.swift in Sources */,
				169226E32105B3E000A351B8 /* designTextField.swift in Sources */,
				169226EA2105B3E000A351B8 /* Circle Image View.swift in Sources */,
				1637E7DA2121909E00DE82D2 /* SizeTableViewCell.swift in Sources */,
				169226E22105B3E000A351B8 /* buttonRadius.swift in Sources */,
				1692269C2105B1BC00A351B8 /* LaunchViewController.swift in Sources */,
				169226FD2109F8E300A351B8 /* CategoriesViewController.swift in Sources */,
				1637E7D62121908200DE82D2 /* CurrencyTableViewCell.swift in Sources */,
				169226E82105B3E000A351B8 /* Time.swift in Sources */,
				16AF0EB62118729500B51117 /* LocalizableString.swift in Sources */,
				1637E7DE212190AE00DE82D2 /* NotificationTableViewCell.swift in Sources */,
				169226EB2105B3E000A351B8 /* SwiftyGif.swift in Sources */,
				169226EE2105B3E000A351B8 /* Toast.swift in Sources */,
				169226E62105B3E000A351B8 /* ScaledHeightImageView.swift in Sources */,
				1605921B211D731100781C54 /* SubCategoryTableViewCell.swift in Sources */,
				1637E7E62121A61500DE82D2 /* LanguageViewController.swift in Sources */,
				1637E7E92121B41A00DE82D2 /* EmailTableViewCell.swift in Sources */,
				16059217211D72D500781C54 /* SubCategoryBannerTableViewCell.swift in Sources */,
				169226BC2105B35A00A351B8 /* GetToken.swift in Sources */,
				16AF0EB8211880C700B51117 /* DesignableButton.swift in Sources */,
				169226FF210A152800A351B8 /* AccountSignInOrJoinViewController.swift in Sources */,
				169226E52105B3E000A351B8 /* DesignTabBarHeight.swift in Sources */,
				1637E7CC21218C5100DE82D2 /* AccountViewController.swift in Sources */,
				16922701210AF51300A351B8 /* LableSpacing.swift in Sources */,
				169226F92109D9AA00A351B8 /* CountryViewController.swift in Sources */,
				1637E7ED2121B43200DE82D2 /* PasswordTableViewCell.swift in Sources */,
				16059206211C590000781C54 /* searchTableViewCell.swift in Sources */,
				169226BD2105B35A00A351B8 /* ApiManager.swift in Sources */,
				16059202211C51A200781C54 /* SearchCollectionViewCell.swift in Sources */,
				1692269A2105B1BC00A351B8 /* AppDelegate.swift in Sources */,
				169226F12105B3E700A351B8 /* Notification.swift in Sources */,
				160CD0D72119AA170079FB3E /* ApisCallingClass.swift in Sources */,
				1605920D211C5F9600781C54 /* SubCategories.swift in Sources */,
				160591FF211C502300781C54 /* SearchCategoryViewController.swift in Sources */,
				160CD0D5211998460079FB3E /* TransitionArabic.swift in Sources */,
				1605921E211DAA0500781C54 /* Font.swift in Sources */,
				16F74E2A21146DBE00AB8E40 /* MainCategoryViewController.swift in Sources */,
				16C60B6E210B4D9300871F4E /* SignInViewController.swift in Sources */,
				169226EC2105B3E000A351B8 /* imageAnimation.swift in Sources */,
				169226F72109A8D000A351B8 /* WelcomeViewController.swift in Sources */,
				160CD0DD211B149B0079FB3E /* UrlExtention.swift in Sources */,
				169226BA2105B35A00A351B8 /* ConfigURLs.swift in Sources */,
				160CD0DB211B08CD0079FB3E /* AdditionalURLs.swift in Sources */,
				169226CF2105B39200A351B8 /* UserInfo.swift in Sources */,
				1605920F211D6B7600781C54 /* SubCategoryViewController.swift in Sources */,
				169226E72105B3E000A351B8 /* designLabel.swift in Sources */,
				169226E42105B3E000A351B8 /* DesignView.swift in Sources */,
			);
			runOnlyForDeploymentPostprocessing = 0;
		};
/* End PBXSourcesBuildPhase section */

/* Begin PBXVariantGroup section */
		169226A52105B1BE00A351B8 /* LaunchScreen.storyboard */ = {
			isa = PBXVariantGroup;
			children = (
				169226A62105B1BE00A351B8 /* Base */,
				16AF0EAA21186BEA00B51117 /* ar-SA */,
				16AF0EAE21186CD500B51117 /* en */,
			);
			name = LaunchScreen.storyboard;
			sourceTree = "<group>";
		};
		16AF0EB321186D4E00B51117 /* Localizable.strings */ = {
			isa = PBXVariantGroup;
			children = (
				16AF0EB221186D4E00B51117 /* en */,
				16AF0EB421186D5300B51117 /* ar-SA */,
			);
			name = Localizable.strings;
			sourceTree = "<group>";
		};
/* End PBXVariantGroup section */

/* Begin XCBuildConfiguration section */
		169226A92105B1BE00A351B8 /* Debug */ = {
			isa = XCBuildConfiguration;
			buildSettings = {
				ALWAYS_SEARCH_USER_PATHS = NO;
				CLANG_ANALYZER_LOCALIZABILITY_NONLOCALIZED = YES;
				CLANG_ANALYZER_NONNULL = YES;
				CLANG_ANALYZER_NUMBER_OBJECT_CONVERSION = YES_AGGRESSIVE;
				CLANG_CXX_LANGUAGE_STANDARD = "gnu++14";
				CLANG_CXX_LIBRARY = "libc++";
				CLANG_ENABLE_MODULES = YES;
				CLANG_ENABLE_OBJC_ARC = YES;
				CLANG_ENABLE_OBJC_WEAK = YES;
				CLANG_WARN_BLOCK_CAPTURE_AUTORELEASING = YES;
				CLANG_WARN_BOOL_CONVERSION = YES;
				CLANG_WARN_COMMA = YES;
				CLANG_WARN_CONSTANT_CONVERSION = YES;
				CLANG_WARN_DEPRECATED_OBJC_IMPLEMENTATIONS = YES;
				CLANG_WARN_DIRECT_OBJC_ISA_USAGE = YES_ERROR;
				CLANG_WARN_DOCUMENTATION_COMMENTS = YES;
				CLANG_WARN_EMPTY_BODY = YES;
				CLANG_WARN_ENUM_CONVERSION = YES;
				CLANG_WARN_INFINITE_RECURSION = YES;
				CLANG_WARN_INT_CONVERSION = YES;
				CLANG_WARN_NON_LITERAL_NULL_CONVERSION = YES;
				CLANG_WARN_OBJC_IMPLICIT_RETAIN_SELF = YES;
				CLANG_WARN_OBJC_LITERAL_CONVERSION = YES;
				CLANG_WARN_OBJC_ROOT_CLASS = YES_ERROR;
				CLANG_WARN_RANGE_LOOP_ANALYSIS = YES;
				CLANG_WARN_STRICT_PROTOTYPES = YES;
				CLANG_WARN_SUSPICIOUS_MOVE = YES;
				CLANG_WARN_UNGUARDED_AVAILABILITY = YES_AGGRESSIVE;
				CLANG_WARN_UNREACHABLE_CODE = YES;
				CLANG_WARN__DUPLICATE_METHOD_MATCH = YES;
				CODE_SIGN_IDENTITY = "iPhone Developer";
				COPY_PHASE_STRIP = NO;
				DEBUG_INFORMATION_FORMAT = dwarf;
				ENABLE_STRICT_OBJC_MSGSEND = YES;
				ENABLE_TESTABILITY = YES;
				GCC_C_LANGUAGE_STANDARD = gnu11;
				GCC_DYNAMIC_NO_PIC = NO;
				GCC_NO_COMMON_BLOCKS = YES;
				GCC_OPTIMIZATION_LEVEL = 0;
				GCC_PREPROCESSOR_DEFINITIONS = (
					"DEBUG=1",
					"$(inherited)",
				);
				GCC_WARN_64_TO_32_BIT_CONVERSION = YES;
				GCC_WARN_ABOUT_RETURN_TYPE = YES_ERROR;
				GCC_WARN_UNDECLARED_SELECTOR = YES;
				GCC_WARN_UNINITIALIZED_AUTOS = YES_AGGRESSIVE;
				GCC_WARN_UNUSED_FUNCTION = YES;
				GCC_WARN_UNUSED_VARIABLE = YES;
				IPHONEOS_DEPLOYMENT_TARGET = 11.4;
				MTL_ENABLE_DEBUG_INFO = YES;
				ONLY_ACTIVE_ARCH = YES;
				SDKROOT = iphoneos;
				SWIFT_ACTIVE_COMPILATION_CONDITIONS = DEBUG;
				SWIFT_OPTIMIZATION_LEVEL = "-Onone";
			};
			name = Debug;
		};
		169226AA2105B1BE00A351B8 /* Release */ = {
			isa = XCBuildConfiguration;
			buildSettings = {
				ALWAYS_SEARCH_USER_PATHS = NO;
				CLANG_ANALYZER_LOCALIZABILITY_NONLOCALIZED = YES;
				CLANG_ANALYZER_NONNULL = YES;
				CLANG_ANALYZER_NUMBER_OBJECT_CONVERSION = YES_AGGRESSIVE;
				CLANG_CXX_LANGUAGE_STANDARD = "gnu++14";
				CLANG_CXX_LIBRARY = "libc++";
				CLANG_ENABLE_MODULES = YES;
				CLANG_ENABLE_OBJC_ARC = YES;
				CLANG_ENABLE_OBJC_WEAK = YES;
				CLANG_WARN_BLOCK_CAPTURE_AUTORELEASING = YES;
				CLANG_WARN_BOOL_CONVERSION = YES;
				CLANG_WARN_COMMA = YES;
				CLANG_WARN_CONSTANT_CONVERSION = YES;
				CLANG_WARN_DEPRECATED_OBJC_IMPLEMENTATIONS = YES;
				CLANG_WARN_DIRECT_OBJC_ISA_USAGE = YES_ERROR;
				CLANG_WARN_DOCUMENTATION_COMMENTS = YES;
				CLANG_WARN_EMPTY_BODY = YES;
				CLANG_WARN_ENUM_CONVERSION = YES;
				CLANG_WARN_INFINITE_RECURSION = YES;
				CLANG_WARN_INT_CONVERSION = YES;
				CLANG_WARN_NON_LITERAL_NULL_CONVERSION = YES;
				CLANG_WARN_OBJC_IMPLICIT_RETAIN_SELF = YES;
				CLANG_WARN_OBJC_LITERAL_CONVERSION = YES;
				CLANG_WARN_OBJC_ROOT_CLASS = YES_ERROR;
				CLANG_WARN_RANGE_LOOP_ANALYSIS = YES;
				CLANG_WARN_STRICT_PROTOTYPES = YES;
				CLANG_WARN_SUSPICIOUS_MOVE = YES;
				CLANG_WARN_UNGUARDED_AVAILABILITY = YES_AGGRESSIVE;
				CLANG_WARN_UNREACHABLE_CODE = YES;
				CLANG_WARN__DUPLICATE_METHOD_MATCH = YES;
				CODE_SIGN_IDENTITY = "iPhone Developer";
				COPY_PHASE_STRIP = NO;
				DEBUG_INFORMATION_FORMAT = "dwarf-with-dsym";
				ENABLE_NS_ASSERTIONS = NO;
				ENABLE_STRICT_OBJC_MSGSEND = YES;
				GCC_C_LANGUAGE_STANDARD = gnu11;
				GCC_NO_COMMON_BLOCKS = YES;
				GCC_WARN_64_TO_32_BIT_CONVERSION = YES;
				GCC_WARN_ABOUT_RETURN_TYPE = YES_ERROR;
				GCC_WARN_UNDECLARED_SELECTOR = YES;
				GCC_WARN_UNINITIALIZED_AUTOS = YES_AGGRESSIVE;
				GCC_WARN_UNUSED_FUNCTION = YES;
				GCC_WARN_UNUSED_VARIABLE = YES;
				IPHONEOS_DEPLOYMENT_TARGET = 11.4;
				MTL_ENABLE_DEBUG_INFO = NO;
				SDKROOT = iphoneos;
				SWIFT_COMPILATION_MODE = wholemodule;
				SWIFT_OPTIMIZATION_LEVEL = "-O";
				VALIDATE_PRODUCT = YES;
			};
			name = Release;
		};
		169226AC2105B1BE00A351B8 /* Debug */ = {
			isa = XCBuildConfiguration;
			baseConfigurationReference = 8F5C6A2CB31C89CFDEA33164 /* Pods-Shy7lo.debug.xcconfig */;
			buildSettings = {
				ASSETCATALOG_COMPILER_APPICON_NAME = AppIcon;
				CODE_SIGN_ENTITLEMENTS = Shy7lo/Shy7lo.entitlements;
				CODE_SIGN_STYLE = Manual;
				DEVELOPMENT_TEAM = ZV6HRG4KHH;
				INFOPLIST_FILE = Shy7lo/Info.plist;
				IPHONEOS_DEPLOYMENT_TARGET = 11.0;
				LD_RUNPATH_SEARCH_PATHS = (
					"$(inherited)",
					"@executable_path/Frameworks",
				);
				PRODUCT_BUNDLE_IDENTIFIER = com.shy7lo.shy7lo;
				PRODUCT_NAME = "$(TARGET_NAME)";
				PROVISIONING_PROFILE = "bd42f478-4b7d-49f9-941a-6ab7097dd6c0";
				PROVISIONING_PROFILE_SPECIFIER = "DLX Shy7lo Development Profile";
				SWIFT_VERSION = 4.0;
				TARGETED_DEVICE_FAMILY = "1,2";
			};
			name = Debug;
		};
		169226AD2105B1BE00A351B8 /* Release */ = {
			isa = XCBuildConfiguration;
			baseConfigurationReference = BB7AB86AD953D12222F1BBDE /* Pods-Shy7lo.release.xcconfig */;
			buildSettings = {
				ASSETCATALOG_COMPILER_APPICON_NAME = AppIcon;
				CODE_SIGN_ENTITLEMENTS = Shy7lo/Shy7lo.entitlements;
				CODE_SIGN_IDENTITY = "iPhone Distribution";
				CODE_SIGN_STYLE = Manual;
				DEVELOPMENT_TEAM = ZV6HRG4KHH;
				INFOPLIST_FILE = Shy7lo/Info.plist;
				IPHONEOS_DEPLOYMENT_TARGET = 11.0;
				LD_RUNPATH_SEARCH_PATHS = (
					"$(inherited)",
					"@executable_path/Frameworks",
				);
				PRODUCT_BUNDLE_IDENTIFIER = com.shy7lo.shy7lo;
				PRODUCT_NAME = "$(TARGET_NAME)";
				PROVISIONING_PROFILE = "314f3c51-8b62-44ce-93bd-b41286fb0c48";
				PROVISIONING_PROFILE_SPECIFIER = "DLX Shy7lo Distribution Profile";
				SWIFT_VERSION = 4.0;
				TARGETED_DEVICE_FAMILY = "1,2";
			};
			name = Release;
		};
/* End XCBuildConfiguration section */

/* Begin XCConfigurationList section */
		169226912105B1BC00A351B8 /* Build configuration list for PBXProject "Shy7lo" */ = {
			isa = XCConfigurationList;
			buildConfigurations = (
				169226A92105B1BE00A351B8 /* Debug */,
				169226AA2105B1BE00A351B8 /* Release */,
			);
			defaultConfigurationIsVisible = 0;
			defaultConfigurationName = Release;
		};
		169226AB2105B1BE00A351B8 /* Build configuration list for PBXNativeTarget "Shy7lo" */ = {
			isa = XCConfigurationList;
			buildConfigurations = (
				169226AC2105B1BE00A351B8 /* Debug */,
				169226AD2105B1BE00A351B8 /* Release */,
			);
			defaultConfigurationIsVisible = 0;
			defaultConfigurationName = Release;
		};
/* End XCConfigurationList section */

/* Begin XCVersionGroup section */
		169226A02105B1BC00A351B8 /* Shy7lo.xcdatamodeld */ = {
			isa = XCVersionGroup;
			children = (
				169226A12105B1BC00A351B8 /* Shy7lo.xcdatamodel */,
			);
			currentVersion = 169226A12105B1BC00A351B8 /* Shy7lo.xcdatamodel */;
			path = Shy7lo.xcdatamodeld;
			sourceTree = "<group>";
			versionGroupType = wrapper.xcdatamodel;
		};
/* End XCVersionGroup section */
	};
	rootObject = 1692268E2105B1BC00A351B8 /* Project object */;
}
